# This file is automatically @generated by Cargo.
# It is not intended for manual editing.
version = 4

[[package]]
name = "freehand-blocks"
version = "0.1.0"
dependencies = [
 "freehand-contracts",
]

[[package]]
name = "freehand-cli"
version = "0.1.0"
dependencies = [
 "freehand-config",
 "freehand-node",
 "freehand-reason",
]

[[package]]
name = "freehand-config"
version = "0.1.0"
dependencies = [
 "freehand-contracts",
]

[[package]]
name = "freehand-contracts"
version = "0.1.0"

[[package]]
name = "freehand-gates"
version = "0.1.0"
dependencies = [
 "freehand-contracts",
]

[[package]]
name = "freehand-node"
version = "0.1.0"
dependencies = [
 "freehand-contracts",
 "freehand-reason",
 "freehand-ui-protocol",
]

[[package]]
name = "freehand-provider-anthropic"
version = "0.1.0"
dependencies = [
 "freehand-contracts",
 "freehand-provider-core",
]

[[package]]
name = "freehand-provider-core"
version = "0.1.0"
dependencies = [
 "freehand-blocks",
 "freehand-contracts",
]

[[package]]
name = "freehand-provider-openai"
version = "0.1.0"
dependencies = [
 "freehand-contracts",
 "freehand-provider-core",
]

[[package]]
name = "freehand-reason"
version = "0.1.0"
dependencies = [
 "freehand-blocks",
 "freehand-contracts",
 "freehand-provider-core",
 "freehand-ui-protocol",
]

[[package]]
name = "freehand-server"
version = "0.1.0"
dependencies = [
 "freehand-config",
 "freehand-node",
 "freehand-ui-protocol",
]

[[package]]
name = "freehand-testkit"
version = "0.1.0"
dependencies = [
 "freehand-contracts",
 "freehand-provider-core",
]

[[package]]
name = "freehand-ui-protocol"
version = "0.1.0"
dependencies = [
 "freehand-contracts",
]

[[package]]
name = "xtask"
version = "0.1.0"
